{
  "name": "dependencies",
  "version": "1.0.0",
  "lockfileVersion": 2,
  "requires": true,
  "packages": {
    "": {
      "name": "dependencies",
      "version": "1.0.0",
      "license": "ISC",
      "devDependencies": {
        "test-framework": "file:../../framework/adapters/node"
      }
    },
    "../../framework/adapters/node": {
      "version": "1.0.0",
      "dev": true,
      "license": "ISC",
      "dependencies": {
        "expect": "^27.4.6"
      },
      "devDependencies": {
        "esbuild": "^0.14.11",
        "typescript": "^4.5.4"
      }
    },
    "node_modules/test-framework": {
      "resolved": "../../framework/adapters/node",
      "link": true
    }
  },
  "dependencies": {
    "test-framework": {
      "version": "file:../../framework/adapters/node",
      "requires": {
        "esbuild": "^0.14.11",
        "expect": "^27.4.6",
        "typescript": "^4.5.4"
      }
    }
  }
}
